
Microsoft Visual Studio Solution File, Format Version 12.00
# Visual Studio 2012
Project("{FAE04EC0-301F-11D3-BF4B-00C04F79EFBC}") = "TimeZoneInfoLib", "TimeZoneInfoLib\TimeZoneInfoLib.csproj", "{3DEEA2CC-6F74-4A3A-A763-1A07ED3AFCAB}"
EndProject
Project("{FAE04EC0-301F-11D3-BF4B-00C04F79EFBC}") = "TimeZoneInfoLibExample", "TimeZoneInfoLibExample\TimeZoneInfoLibExample.csproj", "{389084A1-82BC-47AA-A81B-00480E8475A3}"
EndProject
Global
	GlobalSection(SolutionConfigurationPlatforms) = preSolution
		Debug|Any CPU = Debug|Any CPU
		Release|Any CPU = Release|Any CPU
	EndGlobalSection
	GlobalSection(ProjectConfigurationPlatforms) = postSolution
		{3DEEA2CC-6F74-4A3A-A763-1A07ED3AFCAB}.Debug|Any CPU.ActiveCfg = Debug|Any CPU
		{3DEEA2CC-6F74-4A3A-A763-1A07ED3AFCAB}.Debug|Any CPU.Build.0 = Debug|Any CPU
		{3DEEA2CC-6F74-4A3A-A763-1A07ED3AFCAB}.Release|Any CPU.ActiveCfg = Release|Any CPU
		{3DEEA2CC-6F74-4A3A-A763-1A07ED3AFCAB}.Release|Any CPU.Build.0 = Release|Any CPU
		{389084A1-82BC-47AA-A81B-00480E8475A3}.Debug|Any CPU.ActiveCfg = Debug|Any CPU
		{389084A1-82BC-47AA-A81B-00480E8475A3}.Debug|Any CPU.Build.0 = Debug|Any CPU
		{389084A1-82BC-47AA-A81B-00480E8475A3}.Release|Any CPU.ActiveCfg = Release|Any CPU
		{389084A1-82BC-47AA-A81B-00480E8475A3}.Release|Any CPU.Build.0 = Release|Any CPU
	EndGlobalSection
	GlobalSection(SolutionProperties) = preSolution
		HideSolutionNode = FALSE
	EndGlobalSection
EndGlobal
